
Microsoft Visual Studio Solution File, Format Version 12.00
# Visual Studio Version 17
VisualStudioVersion = 17.7.34024.191
MinimumVisualStudioVersion = 10.0.40219.1
Project("{6EC3EE1D-3C4E-46DD-8F32-0CC8E7565705}") = "LPI", "LPI\LPI.fsproj", "{6B5D3A77-465D-4F10-A464-0542B0D0B884}"
EndProject
Global
	GlobalSection(SolutionConfigurationPlatforms) = preSolution
		Debug|Any CPU = Debug|Any CPU
		Release|Any CPU = Release|Any CPU
	EndGlobalSection
	GlobalSection(ProjectConfigurationPlatforms) = postSolution
		{6B5D3A77-465D-4F10-A464-0542B0D0B884}.Debug|Any CPU.ActiveCfg = Debug|Any CPU
		{6B5D3A77-465D-4F10-A464-0542B0D0B884}.Debug|Any CPU.Build.0 = Debug|Any CPU
		{6B5D3A77-465D-4F10-A464-0542B0D0B884}.Release|Any CPU.ActiveCfg = Release|Any CPU
		{6B5D3A77-465D-4F10-A464-0542B0D0B884}.Release|Any CPU.Build.0 = Release|Any CPU
	EndGlobalSection
	GlobalSection(SolutionProperties) = preSolution
		HideSolutionNode = FALSE
	EndGlobalSection
	GlobalSection(ExtensibilityGlobals) = postSolution
		SolutionGuid = {4686D286-C69A-4A12-AB89-4D8FC9CFAB55}
	EndGlobalSection
EndGlobal
